// !$*UTF8*$!
{
	archiveVersion = 1;
	classes = {
	};
	objectVersion = 55;
	objects = {

/* Begin PBXBuildFile section */
		DDFC204B2898240B00E56CA0 /* Marvel_AppApp.swift in Sources */ = {isa = PBXBuildFile; fileRef = DDFC204A2898240B00E56CA0 /* Marvel_AppApp.swift */; };
		DDFC204D2898240B00E56CA0 /* ContentView.swift in Sources */ = {isa = PBXBuildFile; fileRef = DDFC204C2898240B00E56CA0 /* ContentView.swift */; };
		DDFC204F2898240D00E56CA0 /* Assets.xcassets in Resources */ = {isa = PBXBuildFile; fileRef = DDFC204E2898240D00E56CA0 /* Assets.xcassets */; };
		DDFC20522898240D00E56CA0 /* Preview Assets.xcassets in Resources */ = {isa = PBXBuildFile; fileRef = DDFC20512898240D00E56CA0 /* Preview Assets.xcassets */; };
		DDFC206C28982EA100E56CA0 /* Roboto-Medium.ttf in Resources */ = {isa = PBXBuildFile; fileRef = DDFC205F28982EA100E56CA0 /* Roboto-Medium.ttf */; };
		DDFC206D28982EA100E56CA0 /* Roboto-Light.ttf in Resources */ = {isa = PBXBuildFile; fileRef = DDFC206028982EA100E56CA0 /* Roboto-Light.ttf */; };
		DDFC206E28982EA100E56CA0 /* Roboto-Regular.ttf in Resources */ = {isa = PBXBuildFile; fileRef = DDFC206128982EA100E56CA0 /* Roboto-Regular.ttf */; };
		DDFC206F28982EA100E56CA0 /* Roboto-MediumItalic.ttf in Resources */ = {isa = PBXBuildFile; fileRef = DDFC206228982EA100E56CA0 /* Roboto-MediumItalic.ttf */; };
		DDFC207028982EA100E56CA0 /* Roboto-ThinItalic.ttf in Resources */ = {isa = PBXBuildFile; fileRef = DDFC206328982EA100E56CA0 /* Roboto-ThinItalic.ttf */; };
		DDFC207128982EA100E56CA0 /* Roboto-BoldItalic.ttf in Resources */ = {isa = PBXBuildFile; fileRef = DDFC206428982EA100E56CA0 /* Roboto-BoldItalic.ttf */; };
		DDFC207228982EA100E56CA0 /* Roboto-LightItalic.ttf in Resources */ = {isa = PBXBuildFile; fileRef = DDFC206528982EA100E56CA0 /* Roboto-LightItalic.ttf */; };
		DDFC207328982EA100E56CA0 /* Roboto-Italic.ttf in Resources */ = {isa = PBXBuildFile; fileRef = DDFC206628982EA100E56CA0 /* Roboto-Italic.ttf */; };
		DDFC207428982EA100E56CA0 /* LICENSE.txt in Resources */ = {isa = PBXBuildFile; fileRef = DDFC206728982EA100E56CA0 /* LICENSE.txt */; };
		DDFC207528982EA100E56CA0 /* Roboto-BlackItalic.ttf in Resources */ = {isa = PBXBuildFile; fileRef = DDFC206828982EA100E56CA0 /* Roboto-BlackItalic.ttf */; };
		DDFC207628982EA100E56CA0 /* Roboto-Bold.ttf in Resources */ = {isa = PBXBuildFile; fileRef = DDFC206928982EA100E56CA0 /* Roboto-Bold.ttf */; };
		DDFC207728982EA100E56CA0 /* Roboto-Thin.ttf in Resources */ = {isa = PBXBuildFile; fileRef = DDFC206A28982EA100E56CA0 /* Roboto-Thin.ttf */; };
		DDFC207828982EA100E56CA0 /* Roboto-Black.ttf in Resources */ = {isa = PBXBuildFile; fileRef = DDFC206B28982EA100E56CA0 /* Roboto-Black.ttf */; };
		DDFC207C28982F0F00E56CA0 /* TextModifier.swift in Sources */ = {isa = PBXBuildFile; fileRef = DDFC207B28982F0F00E56CA0 /* TextModifier.swift */; };
		DDFC207E28982F2600E56CA0 /* Font+Extension.swift in Sources */ = {isa = PBXBuildFile; fileRef = DDFC207D28982F2600E56CA0 /* Font+Extension.swift */; };
/* End PBXBuildFile section */

/* Begin PBXFileReference section */
		DDFC20472898240B00E56CA0 /* Marvel-App.app */ = {isa = PBXFileReference; explicitFileType = wrapper.application; includeInIndex = 0; path = "Marvel-App.app"; sourceTree = BUILT_PRODUCTS_DIR; };
		DDFC204A2898240B00E56CA0 /* Marvel_AppApp.swift */ = {isa = PBXFileReference; lastKnownFileType = sourcecode.swift; path = Marvel_AppApp.swift; sourceTree = "<group>"; };
		DDFC204C2898240B00E56CA0 /* ContentView.swift */ = {isa = PBXFileReference; lastKnownFileType = sourcecode.swift; path = ContentView.swift; sourceTree = "<group>"; };
		DDFC204E2898240D00E56CA0 /* Assets.xcassets */ = {isa = PBXFileReference; lastKnownFileType = folder.assetcatalog; path = Assets.xcassets; sourceTree = "<group>"; };
		DDFC20512898240D00E56CA0 /* Preview Assets.xcassets */ = {isa = PBXFileReference; lastKnownFileType = folder.assetcatalog; path = "Preview Assets.xcassets"; sourceTree = "<group>"; };
		DDFC205F28982EA100E56CA0 /* Roboto-Medium.ttf */ = {isa = PBXFileReference; lastKnownFileType = file; path = "Roboto-Medium.ttf"; sourceTree = "<group>"; };
		DDFC206028982EA100E56CA0 /* Roboto-Light.ttf */ = {isa = PBXFileReference; lastKnownFileType = file; path = "Roboto-Light.ttf"; sourceTree = "<group>"; };
		DDFC206128982EA100E56CA0 /* Roboto-Regular.ttf */ = {isa = PBXFileReference; lastKnownFileType = file; path = "Roboto-Regular.ttf"; sourceTree = "<group>"; };
		DDFC206228982EA100E56CA0 /* Roboto-MediumItalic.ttf */ = {isa = PBXFileReference; lastKnownFileType = file; path = "Roboto-MediumItalic.ttf"; sourceTree = "<group>"; };
		DDFC206328982EA100E56CA0 /* Roboto-ThinItalic.ttf */ = {isa = PBXFileReference; lastKnownFileType = file; path = "Roboto-ThinItalic.ttf"; sourceTree = "<group>"; };
		DDFC206428982EA100E56CA0 /* Roboto-BoldItalic.ttf */ = {isa = PBXFileReference; lastKnownFileType = file; path = "Roboto-BoldItalic.ttf"; sourceTree = "<group>"; };
		DDFC206528982EA100E56CA0 /* Roboto-LightItalic.ttf */ = {isa = PBXFileReference; lastKnownFileType = file; path = "Roboto-LightItalic.ttf"; sourceTree = "<group>"; };
		DDFC206628982EA100E56CA0 /* Roboto-Italic.ttf */ = {isa = PBXFileReference; lastKnownFileType = file; path = "Roboto-Italic.ttf"; sourceTree = "<group>"; };
		DDFC206728982EA100E56CA0 /* LICENSE.txt */ = {isa = PBXFileReference; fileEncoding = 4; lastKnownFileType = text; path = LICENSE.txt; sourceTree = "<group>"; };
		DDFC206828982EA100E56CA0 /* Roboto-BlackItalic.ttf */ = {isa = PBXFileReference; lastKnownFileType = file; path = "Roboto-BlackItalic.ttf"; sourceTree = "<group>"; };
		DDFC206928982EA100E56CA0 /* Roboto-Bold.ttf */ = {isa = PBXFileReference; lastKnownFileType = file; path = "Roboto-Bold.ttf"; sourceTree = "<group>"; };
		DDFC206A28982EA100E56CA0 /* Roboto-Thin.ttf */ = {isa = PBXFileReference; lastKnownFileType = file; path = "Roboto-Thin.ttf"; sourceTree = "<group>"; };
		DDFC206B28982EA100E56CA0 /* Roboto-Black.ttf */ = {isa = PBXFileReference; lastKnownFileType = file; path = "Roboto-Black.ttf"; sourceTree = "<group>"; };
		DDFC207B28982F0F00E56CA0 /* TextModifier.swift */ = {isa = PBXFileReference; lastKnownFileType = sourcecode.swift; path = TextModifier.swift; sourceTree = "<group>"; };
		DDFC207D28982F2600E56CA0 /* Font+Extension.swift */ = {isa = PBXFileReference; lastKnownFileType = sourcecode.swift; path = "Font+Extension.swift"; sourceTree = "<group>"; };
/* End PBXFileReference section */

/* Begin PBXFrameworksBuildPhase section */
		DDFC20442898240B00E56CA0 /* Frameworks */ = {
			isa = PBXFrameworksBuildPhase;
			buildActionMask = 2147483647;
			files = (
			);
			runOnlyForDeploymentPostprocessing = 0;
		};
/* End PBXFrameworksBuildPhase section */

/* Begin PBXGroup section */
		DDFC203E2898240B00E56CA0 = {
			isa = PBXGroup;
			children = (
				DDFC20492898240B00E56CA0 /* Marvel-App */,
				DDFC20482898240B00E56CA0 /* Products */,
			);
			sourceTree = "<group>";
		};
		DDFC20482898240B00E56CA0 /* Products */ = {
			isa = PBXGroup;
			children = (
				DDFC20472898240B00E56CA0 /* Marvel-App.app */,
			);
			name = Products;
			sourceTree = "<group>";
		};
		DDFC20492898240B00E56CA0 /* Marvel-App */ = {
			isa = PBXGroup;
			children = (
				DDFC207A28982EE900E56CA0 /* Extensions */,
				DDFC207928982EE200E56CA0 /* Modifiers */,
				DDFC205E28982EA100E56CA0 /* Roboto */,
				DDFC205C28982AEC00E56CA0 /* Models */,
				DDFC205B28982ACE00E56CA0 /* ViewModels */,
				DDFC205A28982AC700E56CA0 /* Views */,
				DDFC204A2898240B00E56CA0 /* Marvel_AppApp.swift */,
				DDFC204C2898240B00E56CA0 /* ContentView.swift */,
				DDFC204E2898240D00E56CA0 /* Assets.xcassets */,
				DDFC20502898240D00E56CA0 /* Preview Content */,
			);
			path = "Marvel-App";
			sourceTree = "<group>";
		};
		DDFC20502898240D00E56CA0 /* Preview Content */ = {
			isa = PBXGroup;
			children = (
				DDFC20512898240D00E56CA0 /* Preview Assets.xcassets */,
			);
			path = "Preview Content";
			sourceTree = "<group>";
		};
		DDFC205A28982AC700E56CA0 /* Views */ = {
			isa = PBXGroup;
			children = (
			);
			path = Views;
			sourceTree = "<group>";
		};
		DDFC205B28982ACE00E56CA0 /* ViewModels */ = {
			isa = PBXGroup;
			children = (
			);
			path = ViewModels;
			sourceTree = "<group>";
		};
		DDFC205C28982AEC00E56CA0 /* Models */ = {
			isa = PBXGroup;
			children = (
			);
			path = Models;
			sourceTree = "<group>";
		};
		DDFC205E28982EA100E56CA0 /* Roboto */ = {
			isa = PBXGroup;
			children = (
				DDFC205F28982EA100E56CA0 /* Roboto-Medium.ttf */,
				DDFC206028982EA100E56CA0 /* Roboto-Light.ttf */,
				DDFC206128982EA100E56CA0 /* Roboto-Regular.ttf */,
				DDFC206228982EA100E56CA0 /* Roboto-MediumItalic.ttf */,
				DDFC206328982EA100E56CA0 /* Roboto-ThinItalic.ttf */,
				DDFC206428982EA100E56CA0 /* Roboto-BoldItalic.ttf */,
				DDFC206528982EA100E56CA0 /* Roboto-LightItalic.ttf */,
				DDFC206628982EA100E56CA0 /* Roboto-Italic.ttf */,
				DDFC206728982EA100E56CA0 /* LICENSE.txt */,
				DDFC206828982EA100E56CA0 /* Roboto-BlackItalic.ttf */,
				DDFC206928982EA100E56CA0 /* Roboto-Bold.ttf */,
				DDFC206A28982EA100E56CA0 /* Roboto-Thin.ttf */,
				DDFC206B28982EA100E56CA0 /* Roboto-Black.ttf */,
			);
			path = Roboto;
			sourceTree = "<group>";
		};
		DDFC207928982EE200E56CA0 /* Modifiers */ = {
			isa = PBXGroup;
			children = (
				DDFC207B28982F0F00E56CA0 /* TextModifier.swift */,
			);
			path = Modifiers;
			sourceTree = "<group>";
		};
		DDFC207A28982EE900E56CA0 /* Extensions */ = {
			isa = PBXGroup;
			children = (
				DDFC207D28982F2600E56CA0 /* Font+Extension.swift */,
			);
			path = Extensions;
			sourceTree = "<group>";
		};
/* End PBXGroup section */

/* Begin PBXNativeTarget section */
		DDFC20462898240B00E56CA0 /* Marvel-App */ = {
			isa = PBXNativeTarget;
			buildConfigurationList = DDFC20552898240D00E56CA0 /* Build configuration list for PBXNativeTarget "Marvel-App" */;
			buildPhases = (
				DDFC20432898240B00E56CA0 /* Sources */,
				DDFC20442898240B00E56CA0 /* Frameworks */,
				DDFC20452898240B00E56CA0 /* Resources */,
			);
			buildRules = (
			);
			dependencies = (
			);
			name = "Marvel-App";
			productName = "Marvel-App";
			productReference = DDFC20472898240B00E56CA0 /* Marvel-App.app */;
			productType = "com.apple.product-type.application";
		};
/* End PBXNativeTarget section */

/* Begin PBXProject section */
		DDFC203F2898240B00E56CA0 /* Project object */ = {
			isa = PBXProject;
			attributes = {
				BuildIndependentTargetsInParallel = 1;
				LastSwiftUpdateCheck = 1340;
				LastUpgradeCheck = 1340;
				TargetAttributes = {
					DDFC20462898240B00E56CA0 = {
						CreatedOnToolsVersion = 13.4;
					};
				};
			};
			buildConfigurationList = DDFC20422898240B00E56CA0 /* Build configuration list for PBXProject "Marvel-App" */;
			compatibilityVersion = "Xcode 13.0";
			developmentRegion = en;
			hasScannedForEncodings = 0;
			knownRegions = (
				en,
				Base,
			);
			mainGroup = DDFC203E2898240B00E56CA0;
			productRefGroup = DDFC20482898240B00E56CA0 /* Products */;
			projectDirPath = "";
			projectRoot = "";
			targets = (
				DDFC20462898240B00E56CA0 /* Marvel-App */,
			);
		};
/* End PBXProject section */

/* Begin PBXResourcesBuildPhase section */
		DDFC20452898240B00E56CA0 /* Resources */ = {
			isa = PBXResourcesBuildPhase;
			buildActionMask = 2147483647;
			files = (
				DDFC207728982EA100E56CA0 /* Roboto-Thin.ttf in Resources */,
				DDFC207428982EA100E56CA0 /* LICENSE.txt in Resources */,
				DDFC207828982EA100E56CA0 /* Roboto-Black.ttf in Resources */,
				DDFC207628982EA100E56CA0 /* Roboto-Bold.ttf in Resources */,
				DDFC20522898240D00E56CA0 /* Preview Assets.xcassets in Resources */,
				DDFC204F2898240D00E56CA0 /* Assets.xcassets in Resources */,
				DDFC207128982EA100E56CA0 /* Roboto-BoldItalic.ttf in Resources */,
				DDFC206E28982EA100E56CA0 /* Roboto-Regular.ttf in Resources */,
				DDFC207028982EA100E56CA0 /* Roboto-ThinItalic.ttf in Resources */,
				DDFC207228982EA100E56CA0 /* Roboto-LightItalic.ttf in Resources */,
				DDFC207528982EA100E56CA0 /* Roboto-BlackItalic.ttf in Resources */,
				DDFC206D28982EA100E56CA0 /* Roboto-Light.ttf in Resources */,
				DDFC207328982EA100E56CA0 /* Roboto-Italic.ttf in Resources */,
				DDFC206F28982EA100E56CA0 /* Roboto-MediumItalic.ttf in Resources */,
				DDFC206C28982EA100E56CA0 /* Roboto-Medium.ttf in Resources */,
			);
			runOnlyForDeploymentPostprocessing = 0;
		};
/* End PBXResourcesBuildPhase section */

/* Begin PBXSourcesBuildPhase section */
		DDFC20432898240B00E56CA0 /* Sources */ = {
			isa = PBXSourcesBuildPhase;
			buildActionMask = 2147483647;
			files = (
				DDFC204D2898240B00E56CA0 /* ContentView.swift in Sources */,
				DDFC204B2898240B00E56CA0 /* Marvel_AppApp.swift in Sources */,
				DDFC207E28982F2600E56CA0 /* Font+Extension.swift in Sources */,
				DDFC207C28982F0F00E56CA0 /* TextModifier.swift in Sources */,
			);
			runOnlyForDeploymentPostprocessing = 0;
		};
/* End PBXSourcesBuildPhase section */

/* Begin XCBuildConfiguration section */
		DDFC20532898240D00E56CA0 /* Debug */ = {
			isa = XCBuildConfiguration;
			buildSettings = {
				ALWAYS_SEARCH_USER_PATHS = NO;
				CLANG_ANALYZER_NONNULL = YES;
				CLANG_ANALYZER_NUMBER_OBJECT_CONVERSION = YES_AGGRESSIVE;
				CLANG_CXX_LANGUAGE_STANDARD = "gnu++17";
				CLANG_ENABLE_MODULES = YES;
				CLANG_ENABLE_OBJC_ARC = YES;
				CLANG_ENABLE_OBJC_WEAK = YES;
				CLANG_WARN_BLOCK_CAPTURE_AUTORELEASING = YES;
				CLANG_WARN_BOOL_CONVERSION = YES;
				CLANG_WARN_COMMA = YES;
				CLANG_WARN_CONSTANT_CONVERSION = YES;
				CLANG_WARN_DEPRECATED_OBJC_IMPLEMENTATIONS = YES;
				CLANG_WARN_DIRECT_OBJC_ISA_USAGE = YES_ERROR;
				CLANG_WARN_DOCUMENTATION_COMMENTS = YES;
				CLANG_WARN_EMPTY_BODY = YES;
				CLANG_WARN_ENUM_CONVERSION = YES;
				CLANG_WARN_INFINITE_RECURSION = YES;
				CLANG_WARN_INT_CONVERSION = YES;
				CLANG_WARN_NON_LITERAL_NULL_CONVERSION = YES;
				CLANG_WARN_OBJC_IMPLICIT_RETAIN_SELF = YES;
				CLANG_WARN_OBJC_LITERAL_CONVERSION = YES;
				CLANG_WARN_OBJC_ROOT_CLASS = YES_ERROR;
				CLANG_WARN_QUOTED_INCLUDE_IN_FRAMEWORK_HEADER = YES;
				CLANG_WARN_RANGE_LOOP_ANALYSIS = YES;
				CLANG_WARN_STRICT_PROTOTYPES = YES;
				CLANG_WARN_SUSPICIOUS_MOVE = YES;
				CLANG_WARN_UNGUARDED_AVAILABILITY = YES_AGGRESSIVE;
				CLANG_WARN_UNREACHABLE_CODE = YES;
				CLANG_WARN__DUPLICATE_METHOD_MATCH = YES;
				COPY_PHASE_STRIP = NO;
				DEBUG_INFORMATION_FORMAT = dwarf;
				ENABLE_STRICT_OBJC_MSGSEND = YES;
				ENABLE_TESTABILITY = YES;
				GCC_C_LANGUAGE_STANDARD = gnu11;
				GCC_DYNAMIC_NO_PIC = NO;
				GCC_NO_COMMON_BLOCKS = YES;
				GCC_OPTIMIZATION_LEVEL = 0;
				GCC_PREPROCESSOR_DEFINITIONS = (
					"DEBUG=1",
					"$(inherited)",
				);
				GCC_WARN_64_TO_32_BIT_CONVERSION = YES;
				GCC_WARN_ABOUT_RETURN_TYPE = YES_ERROR;
				GCC_WARN_UNDECLARED_SELECTOR = YES;
				GCC_WARN_UNINITIALIZED_AUTOS = YES_AGGRESSIVE;
				GCC_WARN_UNUSED_FUNCTION = YES;
				GCC_WARN_UNUSED_VARIABLE = YES;
				IPHONEOS_DEPLOYMENT_TARGET = 15.5;
				MTL_ENABLE_DEBUG_INFO = INCLUDE_SOURCE;
				MTL_FAST_MATH = YES;
				ONLY_ACTIVE_ARCH = YES;
				SDKROOT = iphoneos;
				SWIFT_ACTIVE_COMPILATION_CONDITIONS = DEBUG;
				SWIFT_OPTIMIZATION_LEVEL = "-Onone";
			};
			name = Debug;
		};
		DDFC20542898240D00E56CA0 /* Release */ = {
			isa = XCBuildConfiguration;
			buildSettings = {
				ALWAYS_SEARCH_USER_PATHS = NO;
				CLANG_ANALYZER_NONNULL = YES;
				CLANG_ANALYZER_NUMBER_OBJECT_CONVERSION = YES_AGGRESSIVE;
				CLANG_CXX_LANGUAGE_STANDARD = "gnu++17";
				CLANG_ENABLE_MODULES = YES;
				CLANG_ENABLE_OBJC_ARC = YES;
				CLANG_ENABLE_OBJC_WEAK = YES;
				CLANG_WARN_BLOCK_CAPTURE_AUTORELEASING = YES;
				CLANG_WARN_BOOL_CONVERSION = YES;
				CLANG_WARN_COMMA = YES;
				CLANG_WARN_CONSTANT_CONVERSION = YES;
				CLANG_WARN_DEPRECATED_OBJC_IMPLEMENTATIONS = YES;
				CLANG_WARN_DIRECT_OBJC_ISA_USAGE = YES_ERROR;
				CLANG_WARN_DOCUMENTATION_COMMENTS = YES;
				CLANG_WARN_EMPTY_BODY = YES;
				CLANG_WARN_ENUM_CONVERSION = YES;
				CLANG_WARN_INFINITE_RECURSION = YES;
				CLANG_WARN_INT_CONVERSION = YES;
				CLANG_WARN_NON_LITERAL_NULL_CONVERSION = YES;
				CLANG_WARN_OBJC_IMPLICIT_RETAIN_SELF = YES;
				CLANG_WARN_OBJC_LITERAL_CONVERSION = YES;
				CLANG_WARN_OBJC_ROOT_CLASS = YES_ERROR;
				CLANG_WARN_QUOTED_INCLUDE_IN_FRAMEWORK_HEADER = YES;
				CLANG_WARN_RANGE_LOOP_ANALYSIS = YES;
				CLANG_WARN_STRICT_PROTOTYPES = YES;
				CLANG_WARN_SUSPICIOUS_MOVE = YES;
				CLANG_WARN_UNGUARDED_AVAILABILITY = YES_AGGRESSIVE;
				CLANG_WARN_UNREACHABLE_CODE = YES;
				CLANG_WARN__DUPLICATE_METHOD_MATCH = YES;
				COPY_PHASE_STRIP = NO;
				DEBUG_INFORMATION_FORMAT = "dwarf-with-dsym";
				ENABLE_NS_ASSERTIONS = NO;
				ENABLE_STRICT_OBJC_MSGSEND = YES;
				GCC_C_LANGUAGE_STANDARD = gnu11;
				GCC_NO_COMMON_BLOCKS = YES;
				GCC_WARN_64_TO_32_BIT_CONVERSION = YES;
				GCC_WARN_ABOUT_RETURN_TYPE = YES_ERROR;
				GCC_WARN_UNDECLARED_SELECTOR = YES;
				GCC_WARN_UNINITIALIZED_AUTOS = YES_AGGRESSIVE;
				GCC_WARN_UNUSED_FUNCTION = YES;
				GCC_WARN_UNUSED_VARIABLE = YES;
				IPHONEOS_DEPLOYMENT_TARGET = 15.5;
				MTL_ENABLE_DEBUG_INFO = NO;
				MTL_FAST_MATH = YES;
				SDKROOT = iphoneos;
				SWIFT_COMPILATION_MODE = wholemodule;
				SWIFT_OPTIMIZATION_LEVEL = "-O";
				VALIDATE_PRODUCT = YES;
			};
			name = Release;
		};
		DDFC20562898240D00E56CA0 /* Debug */ = {
			isa = XCBuildConfiguration;
			buildSettings = {
				ASSETCATALOG_COMPILER_APPICON_NAME = AppIcon;
				ASSETCATALOG_COMPILER_GLOBAL_ACCENT_COLOR_NAME = AccentColor;
				CODE_SIGN_STYLE = Automatic;
				CURRENT_PROJECT_VERSION = 1;
				DEVELOPMENT_ASSET_PATHS = "\"Marvel-App/Preview Content\"";
				DEVELOPMENT_TEAM = 23U86K98CU;
				ENABLE_PREVIEWS = YES;
				GENERATE_INFOPLIST_FILE = YES;
				INFOPLIST_KEY_UIApplicationSceneManifest_Generation = YES;
				INFOPLIST_KEY_UIApplicationSupportsIndirectInputEvents = YES;
				INFOPLIST_KEY_UILaunchScreen_Generation = YES;
				INFOPLIST_KEY_UISupportedInterfaceOrientations_iPad = "UIInterfaceOrientationPortrait UIInterfaceOrientationPortraitUpsideDown UIInterfaceOrientationLandscapeLeft UIInterfaceOrientationLandscapeRight";
				INFOPLIST_KEY_UISupportedInterfaceOrientations_iPhone = "UIInterfaceOrientationPortrait UIInterfaceOrientationLandscapeLeft UIInterfaceOrientationLandscapeRight";
				LD_RUNPATH_SEARCH_PATHS = (
					"$(inherited)",
					"@executable_path/Frameworks",
				);
				MARKETING_VERSION = 1.0;
				PRODUCT_BUNDLE_IDENTIFIER = "com.zelihauslu.Marvel-App";
				PRODUCT_NAME = "$(TARGET_NAME)";
				SWIFT_EMIT_LOC_STRINGS = YES;
				SWIFT_VERSION = 5.0;
				TARGETED_DEVICE_FAMILY = "1,2";
			};
			name = Debug;
		};
		DDFC20572898240D00E56CA0 /* Release */ = {
			isa = XCBuildConfiguration;
			buildSettings = {
				ASSETCATALOG_COMPILER_APPICON_NAME = AppIcon;
				ASSETCATALOG_COMPILER_GLOBAL_ACCENT_COLOR_NAME = AccentColor;
				CODE_SIGN_STYLE = Automatic;
				CURRENT_PROJECT_VERSION = 1;
				DEVELOPMENT_ASSET_PATHS = "\"Marvel-App/Preview Content\"";
				DEVELOPMENT_TEAM = 23U86K98CU;
				ENABLE_PREVIEWS = YES;
				GENERATE_INFOPLIST_FILE = YES;
				INFOPLIST_KEY_UIApplicationSceneManifest_Generation = YES;
				INFOPLIST_KEY_UIApplicationSupportsIndirectInputEvents = YES;
				INFOPLIST_KEY_UILaunchScreen_Generation = YES;
				INFOPLIST_KEY_UISupportedInterfaceOrientations_iPad = "UIInterfaceOrientationPortrait UIInterfaceOrientationPortraitUpsideDown UIInterfaceOrientationLandscapeLeft UIInterfaceOrientationLandscapeRight";
				INFOPLIST_KEY_UISupportedInterfaceOrientations_iPhone = "UIInterfaceOrientationPortrait UIInterfaceOrientationLandscapeLeft UIInterfaceOrientationLandscapeRight";
				LD_RUNPATH_SEARCH_PATHS = (
					"$(inherited)",
					"@executable_path/Frameworks",
				);
				MARKETING_VERSION = 1.0;
				PRODUCT_BUNDLE_IDENTIFIER = "com.zelihauslu.Marvel-App";
				PRODUCT_NAME = "$(TARGET_NAME)";
				SWIFT_EMIT_LOC_STRINGS = YES;
				SWIFT_VERSION = 5.0;
				TARGETED_DEVICE_FAMILY = "1,2";
			};
			name = Release;
		};
/* End XCBuildConfiguration section */

/* Begin XCConfigurationList section */
		DDFC20422898240B00E56CA0 /* Build configuration list for PBXProject "Marvel-App" */ = {
			isa = XCConfigurationList;
			buildConfigurations = (
				DDFC20532898240D00E56CA0 /* Debug */,
				DDFC20542898240D00E56CA0 /* Release */,
			);
			defaultConfigurationIsVisible = 0;
			defaultConfigurationName = Release;
		};
		DDFC20552898240D00E56CA0 /* Build configuration list for PBXNativeTarget "Marvel-App" */ = {
			isa = XCConfigurationList;
			buildConfigurations = (
				DDFC20562898240D00E56CA0 /* Debug */,
				DDFC20572898240D00E56CA0 /* Release */,
			);
			defaultConfigurationIsVisible = 0;
			defaultConfigurationName = Release;
		};
/* End XCConfigurationList section */
	};
	rootObject = DDFC203F2898240B00E56CA0 /* Project object */;
}
